// !$*UTF8*$!
{
	archiveVersion = 1;
	classes = {
	};
	objectVersion = 46;
	objects = {

/* Begin PBXBuildFile section */
		1D3623260D0F684500981E51 /* MalaysiaNewsAppDelegate.m in Sources */ = {isa = PBXBuildFile; fileRef = 1D3623250D0F684500981E51 /* MalaysiaNewsAppDelegate.m */; };
		1D60589B0D05DD56006BFB54 /* main.m in Sources */ = {isa = PBXBuildFile; fileRef = 29B97316FDCFA39411CA2CEA /* main.m */; };
		1D60589F0D05DD5A006BFB54 /* Foundation.framework in Frameworks */ = {isa = PBXBuildFile; fileRef = 1D30AB110D05D00D00671497 /* Foundation.framework */; };
		1DF5F4E00D08C38300B7A737 /* UIKit.framework in Frameworks */ = {isa = PBXBuildFile; fileRef = 1DF5F4DF0D08C38300B7A737 /* UIKit.framework */; };
		28193060112F816700ECF9B4 /* MalaysiaNews.xcdatamodeld in Sources */ = {isa = PBXBuildFile; fileRef = 2819305F112F816700ECF9B4 /* MalaysiaNews.xcdatamodeld */; };
		288765A50DF7441C002DB57D /* CoreGraphics.framework in Frameworks */ = {isa = PBXBuildFile; fileRef = 288765A40DF7441C002DB57D /* CoreGraphics.framework */; };
		28D801B40F44B63D00FB423F /* CoreData.framework in Frameworks */ = {isa = PBXBuildFile; fileRef = 28D801B30F44B63D00FB423F /* CoreData.framework */; };
		9F8FF1AA12F4827C001FDEAF /* MainWindow.xib in Resources */ = {isa = PBXBuildFile; fileRef = 9F8FF1A912F4827C001FDEAF /* MainWindow.xib */; };
		9F8FF1B012F482DD001FDEAF /* malaysianews_ico.png in Resources */ = {isa = PBXBuildFile; fileRef = 9F8FF1AF12F482DD001FDEAF /* malaysianews_ico.png */; };
		9F8FF1D312F488E9001FDEAF /* NewsIndexesViewController.m in Sources */ = {isa = PBXBuildFile; fileRef = 9F8FF1D212F488E9001FDEAF /* NewsIndexesViewController.m */; };
		9F8FF1D512F488FF001FDEAF /* NewsIndexesView.xib in Resources */ = {isa = PBXBuildFile; fileRef = 9F8FF1D412F488FF001FDEAF /* NewsIndexesView.xib */; };
		9F8FF1E912F49C55001FDEAF /* refresh.png in Resources */ = {isa = PBXBuildFile; fileRef = 9F8FF1E812F49C55001FDEAF /* refresh.png */; };
/* End PBXBuildFile section */

/* Begin PBXFileReference section */
		1D30AB110D05D00D00671497 /* Foundation.framework */ = {isa = PBXFileReference; lastKnownFileType = wrapper.framework; name = Foundation.framework; path = System/Library/Frameworks/Foundation.framework; sourceTree = SDKROOT; };
		1D3623240D0F684500981E51 /* MalaysiaNewsAppDelegate.h */ = {isa = PBXFileReference; fileEncoding = 4; lastKnownFileType = sourcecode.c.h; path = MalaysiaNewsAppDelegate.h; sourceTree = "<group>"; };
		1D3623250D0F684500981E51 /* MalaysiaNewsAppDelegate.m */ = {isa = PBXFileReference; fileEncoding = 4; lastKnownFileType = sourcecode.c.objc; path = MalaysiaNewsAppDelegate.m; sourceTree = "<group>"; };
		1D6058910D05DD3D006BFB54 /* MalaysiaNews.app */ = {isa = PBXFileReference; explicitFileType = wrapper.application; includeInIndex = 0; path = MalaysiaNews.app; sourceTree = BUILT_PRODUCTS_DIR; };
		1DF5F4DF0D08C38300B7A737 /* UIKit.framework */ = {isa = PBXFileReference; lastKnownFileType = wrapper.framework; name = UIKit.framework; path = System/Library/Frameworks/UIKit.framework; sourceTree = SDKROOT; };
		288765A40DF7441C002DB57D /* CoreGraphics.framework */ = {isa = PBXFileReference; lastKnownFileType = wrapper.framework; name = CoreGraphics.framework; path = System/Library/Frameworks/CoreGraphics.framework; sourceTree = SDKROOT; };
		28C3AD890F43EF2300507BA6 /* MalaysiaNews.xcdatamodel */ = {isa = PBXFileReference; fileEncoding = 4; lastKnownFileType = wrapper.xcdatamodel; path = MalaysiaNews.xcdatamodel; sourceTree = "<group>"; };
		28D801B30F44B63D00FB423F /* CoreData.framework */ = {isa = PBXFileReference; lastKnownFileType = wrapper.framework; name = CoreData.framework; path = System/Library/Frameworks/CoreData.framework; sourceTree = SDKROOT; };
		29B97316FDCFA39411CA2CEA /* main.m */ = {isa = PBXFileReference; fileEncoding = 4; lastKnownFileType = sourcecode.c.objc; path = main.m; sourceTree = "<group>"; };
		32CA4F630368D1EE00C91783 /* MalaysiaNews_Prefix.pch */ = {isa = PBXFileReference; fileEncoding = 4; lastKnownFileType = sourcecode.c.h; path = MalaysiaNews_Prefix.pch; sourceTree = "<group>"; };
		8D1107310486CEB800E47090 /* MalaysiaNews-Info.plist */ = {isa = PBXFileReference; fileEncoding = 4; lastKnownFileType = text.plist.xml; path = "MalaysiaNews-Info.plist"; plistStructureDefinitionIdentifier = "com.apple.xcode.plist.structure-definition.iphone.info-plist"; sourceTree = "<group>"; };
		9F8FF1A912F4827C001FDEAF /* MainWindow.xib */ = {isa = PBXFileReference; lastKnownFileType = file.xib; name = MainWindow.xib; path = Views/MainWindow.xib; sourceTree = "<group>"; };
		9F8FF1AF12F482DD001FDEAF /* malaysianews_ico.png */ = {isa = PBXFileReference; lastKnownFileType = image.png; name = malaysianews_ico.png; path = Images/malaysianews_ico.png; sourceTree = "<group>"; };
		9F8FF1D112F488E9001FDEAF /* NewsIndexesViewController.h */ = {isa = PBXFileReference; fileEncoding = 4; lastKnownFileType = sourcecode.c.h; path = NewsIndexesViewController.h; sourceTree = "<group>"; };
		9F8FF1D212F488E9001FDEAF /* NewsIndexesViewController.m */ = {isa = PBXFileReference; fileEncoding = 4; lastKnownFileType = sourcecode.c.objc; path = NewsIndexesViewController.m; sourceTree = "<group>"; };
		9F8FF1D412F488FF001FDEAF /* NewsIndexesView.xib */ = {isa = PBXFileReference; lastKnownFileType = file.xib; path = NewsIndexesView.xib; sourceTree = "<group>"; };
		9F8FF1E812F49C55001FDEAF /* refresh.png */ = {isa = PBXFileReference; lastKnownFileType = image.png; name = refresh.png; path = Images/refresh.png; sourceTree = "<group>"; };
/* End PBXFileReference section */

/* Begin PBXFrameworksBuildPhase section */
		1D60588F0D05DD3D006BFB54 /* Frameworks */ = {
			isa = PBXFrameworksBuildPhase;
			buildActionMask = 2147483647;
			files = (
				1D60589F0D05DD5A006BFB54 /* Foundation.framework in Frameworks */,
				1DF5F4E00D08C38300B7A737 /* UIKit.framework in Frameworks */,
				288765A50DF7441C002DB57D /* CoreGraphics.framework in Frameworks */,
				28D801B40F44B63D00FB423F /* CoreData.framework in Frameworks */,
			);
			runOnlyForDeploymentPostprocessing = 0;
		};
/* End PBXFrameworksBuildPhase section */

/* Begin PBXGroup section */
		080E96DDFE201D6D7F000001 /* Controllers */ = {
			isa = PBXGroup;
			children = (
				1D3623240D0F684500981E51 /* MalaysiaNewsAppDelegate.h */,
				1D3623250D0F684500981E51 /* MalaysiaNewsAppDelegate.m */,
				9F8FF1D112F488E9001FDEAF /* NewsIndexesViewController.h */,
				9F8FF1D212F488E9001FDEAF /* NewsIndexesViewController.m */,
			);
			path = Controllers;
			sourceTree = "<group>";
		};
		19C28FACFE9D520D11CA2CBB /* Products */ = {
			isa = PBXGroup;
			children = (
				1D6058910D05DD3D006BFB54 /* MalaysiaNews.app */,
			);
			name = Products;
			sourceTree = "<group>";
		};
		29B97314FDCFA39411CA2CEA /* CustomTemplate */ = {
			isa = PBXGroup;
			children = (
				9F8FF1AB12F48283001FDEAF /* Models */,
				9F8FF1A612F48223001FDEAF /* Views */,
				080E96DDFE201D6D7F000001 /* Controllers */,
				29B97315FDCFA39411CA2CEA /* Resources */,
				9F8FF1AC12F482B3001FDEAF /* Images */,
				29B97317FDCFA39411CA2CEA /* Configs */,
				29B97323FDCFA39411CA2CEA /* Frameworks */,
				19C28FACFE9D520D11CA2CBB /* Products */,
			);
			name = CustomTemplate;
			sourceTree = "<group>";
		};
		29B97315FDCFA39411CA2CEA /* Resources */ = {
			isa = PBXGroup;
			children = (
				32CA4F630368D1EE00C91783 /* MalaysiaNews_Prefix.pch */,
				29B97316FDCFA39411CA2CEA /* main.m */,
			);
			name = Resources;
			sourceTree = "<group>";
		};
		29B97317FDCFA39411CA2CEA /* Configs */ = {
			isa = PBXGroup;
			children = (
				8D1107310486CEB800E47090 /* MalaysiaNews-Info.plist */,
			);
			name = Configs;
			sourceTree = "<group>";
		};
		29B97323FDCFA39411CA2CEA /* Frameworks */ = {
			isa = PBXGroup;
			children = (
				1DF5F4DF0D08C38300B7A737 /* UIKit.framework */,
				1D30AB110D05D00D00671497 /* Foundation.framework */,
				288765A40DF7441C002DB57D /* CoreGraphics.framework */,
				28D801B30F44B63D00FB423F /* CoreData.framework */,
			);
			name = Frameworks;
			sourceTree = "<group>";
		};
		9F8FF1A612F48223001FDEAF /* Views */ = {
			isa = PBXGroup;
			children = (
				9F8FF1A912F4827C001FDEAF /* MainWindow.xib */,
				9F8FF1D412F488FF001FDEAF /* NewsIndexesView.xib */,
			);
			name = Views;
			sourceTree = "<group>";
		};
		9F8FF1AB12F48283001FDEAF /* Models */ = {
			isa = PBXGroup;
			children = (
				2819305F112F816700ECF9B4 /* MalaysiaNews.xcdatamodeld */,
			);
			name = Models;
			sourceTree = "<group>";
		};
		9F8FF1AC12F482B3001FDEAF /* Images */ = {
			isa = PBXGroup;
			children = (
				9F8FF1E812F49C55001FDEAF /* refresh.png */,
				9F8FF1AF12F482DD001FDEAF /* malaysianews_ico.png */,
			);
			name = Images;
			sourceTree = "<group>";
		};
/* End PBXGroup section */

/* Begin PBXNativeTarget section */
		1D6058900D05DD3D006BFB54 /* MalaysiaNews */ = {
			isa = PBXNativeTarget;
			buildConfigurationList = 1D6058960D05DD3E006BFB54 /* Build configuration list for PBXNativeTarget "MalaysiaNews" */;
			buildPhases = (
				1D60588D0D05DD3D006BFB54 /* Resources */,
				1D60588E0D05DD3D006BFB54 /* Sources */,
				1D60588F0D05DD3D006BFB54 /* Frameworks */,
			);
			buildRules = (
			);
			dependencies = (
			);
			name = MalaysiaNews;
			productName = MalaysiaNews;
			productReference = 1D6058910D05DD3D006BFB54 /* MalaysiaNews.app */;
			productType = "com.apple.product-type.application";
		};
/* End PBXNativeTarget section */

/* Begin PBXProject section */
		29B97313FDCFA39411CA2CEA /* Project object */ = {
			isa = PBXProject;
			buildConfigurationList = C01FCF4E08A954540054247B /* Build configuration list for PBXProject "MalaysiaNews" */;
			compatibilityVersion = "Xcode 3.2";
			developmentRegion = English;
			hasScannedForEncodings = 1;
			knownRegions = (
				English,
				Japanese,
				French,
				German,
			);
			mainGroup = 29B97314FDCFA39411CA2CEA /* CustomTemplate */;
			projectDirPath = "";
			projectRoot = "";
			targets = (
				1D6058900D05DD3D006BFB54 /* MalaysiaNews */,
			);
		};
/* End PBXProject section */

/* Begin PBXResourcesBuildPhase section */
		1D60588D0D05DD3D006BFB54 /* Resources */ = {
			isa = PBXResourcesBuildPhase;
			buildActionMask = 2147483647;
			files = (
				9F8FF1AA12F4827C001FDEAF /* MainWindow.xib in Resources */,
				9F8FF1B012F482DD001FDEAF /* malaysianews_ico.png in Resources */,
				9F8FF1D512F488FF001FDEAF /* NewsIndexesView.xib in Resources */,
				9F8FF1E912F49C55001FDEAF /* refresh.png in Resources */,
			);
			runOnlyForDeploymentPostprocessing = 0;
		};
/* End PBXResourcesBuildPhase section */

/* Begin PBXSourcesBuildPhase section */
		1D60588E0D05DD3D006BFB54 /* Sources */ = {
			isa = PBXSourcesBuildPhase;
			buildActionMask = 2147483647;
			files = (
				1D60589B0D05DD56006BFB54 /* main.m in Sources */,
				1D3623260D0F684500981E51 /* MalaysiaNewsAppDelegate.m in Sources */,
				28193060112F816700ECF9B4 /* MalaysiaNews.xcdatamodeld in Sources */,
				9F8FF1D312F488E9001FDEAF /* NewsIndexesViewController.m in Sources */,
			);
			runOnlyForDeploymentPostprocessing = 0;
		};
/* End PBXSourcesBuildPhase section */

/* Begin XCBuildConfiguration section */
		1D6058940D05DD3E006BFB54 /* Debug */ = {
			isa = XCBuildConfiguration;
			buildSettings = {
				ALWAYS_SEARCH_USER_PATHS = NO;
				COPY_PHASE_STRIP = NO;
				GCC_DYNAMIC_NO_PIC = NO;
				GCC_OPTIMIZATION_LEVEL = 0;
				GCC_PRECOMPILE_PREFIX_HEADER = YES;
				GCC_PREFIX_HEADER = MalaysiaNews_Prefix.pch;
				INFOPLIST_FILE = "MalaysiaNews-Info.plist";
				PRODUCT_NAME = MalaysiaNews;
			};
			name = Debug;
		};
		1D6058950D05DD3E006BFB54 /* Release */ = {
			isa = XCBuildConfiguration;
			buildSettings = {
				ALWAYS_SEARCH_USER_PATHS = NO;
				COPY_PHASE_STRIP = YES;
				GCC_PRECOMPILE_PREFIX_HEADER = YES;
				GCC_PREFIX_HEADER = MalaysiaNews_Prefix.pch;
				INFOPLIST_FILE = "MalaysiaNews-Info.plist";
				PRODUCT_NAME = MalaysiaNews;
				VALIDATE_PRODUCT = YES;
			};
			name = Release;
		};
		C01FCF4F08A954540054247B /* Debug */ = {
			isa = XCBuildConfiguration;
			buildSettings = {
				ARCHS = "$(ARCHS_STANDARD_32_BIT)";
				"CODE_SIGN_IDENTITY[sdk=iphoneos*]" = "iPhone Developer";
				GCC_C_LANGUAGE_STANDARD = c99;
				GCC_WARN_ABOUT_RETURN_TYPE = YES;
				GCC_WARN_UNUSED_VARIABLE = YES;
				PREBINDING = NO;
				SDKROOT = iphoneos;
			};
			name = Debug;
		};
		C01FCF5008A954540054247B /* Release */ = {
			isa = XCBuildConfiguration;
			buildSettings = {
				ARCHS = "$(ARCHS_STANDARD_32_BIT)";
				"CODE_SIGN_IDENTITY[sdk=iphoneos*]" = "iPhone Developer";
				GCC_C_LANGUAGE_STANDARD = c99;
				GCC_WARN_ABOUT_RETURN_TYPE = YES;
				GCC_WARN_UNUSED_VARIABLE = YES;
				OTHER_CFLAGS = "-DNS_BLOCK_ASSERTIONS=1";
				PREBINDING = NO;
				SDKROOT = iphoneos;
			};
			name = Release;
		};
/* End XCBuildConfiguration section */

/* Begin XCConfigurationList section */
		1D6058960D05DD3E006BFB54 /* Build configuration list for PBXNativeTarget "MalaysiaNews" */ = {
			isa = XCConfigurationList;
			buildConfigurations = (
				1D6058940D05DD3E006BFB54 /* Debug */,
				1D6058950D05DD3E006BFB54 /* Release */,
			);
			defaultConfigurationIsVisible = 0;
			defaultConfigurationName = Release;
		};
		C01FCF4E08A954540054247B /* Build configuration list for PBXProject "MalaysiaNews" */ = {
			isa = XCConfigurationList;
			buildConfigurations = (
				C01FCF4F08A954540054247B /* Debug */,
				C01FCF5008A954540054247B /* Release */,
			);
			defaultConfigurationIsVisible = 0;
			defaultConfigurationName = Release;
		};
/* End XCConfigurationList section */

/* Begin XCVersionGroup section */
		2819305F112F816700ECF9B4 /* MalaysiaNews.xcdatamodeld */ = {
			isa = XCVersionGroup;
			children = (
				28C3AD890F43EF2300507BA6 /* MalaysiaNews.xcdatamodel */,
			);
			currentVersion = 28C3AD890F43EF2300507BA6 /* MalaysiaNews.xcdatamodel */;
			name = MalaysiaNews.xcdatamodeld;
			path = Models/MalaysiaNews.xcdatamodeld;
			sourceTree = "<group>";
			versionGroupType = wrapper.xcdatamodel;
		};
/* End XCVersionGroup section */
	};
	rootObject = 29B97313FDCFA39411CA2CEA /* Project object */;
}
